
Microsoft Visual Studio Solution File, Format Version 12.00
# Visual Studio 15
VisualStudioVersion = 15.0.28307.329
MinimumVisualStudioVersion = 10.0.40219.1
Project("{FAE04EC0-301F-11D3-BF4B-00C04F79EFBC}") = "SuDaExpress", "SuDaExpress\SuDaExpress.csproj", "{49540A62-FCBC-440B-9E27-70F034C97A17}"
EndProject
Global
	GlobalSection(SolutionConfigurationPlatforms) = preSolution
		Debug|Any CPU = Debug|Any CPU
		Release|Any CPU = Release|Any CPU
	EndGlobalSection
	GlobalSection(ProjectConfigurationPlatforms) = postSolution
		{49540A62-FCBC-440B-9E27-70F034C97A17}.Debug|Any CPU.ActiveCfg = Debug|Any CPU
		{49540A62-FCBC-440B-9E27-70F034C97A17}.Debug|Any CPU.Build.0 = Debug|Any CPU
		{49540A62-FCBC-440B-9E27-70F034C97A17}.Release|Any CPU.ActiveCfg = Release|Any CPU
		{49540A62-FCBC-440B-9E27-70F034C97A17}.Release|Any CPU.Build.0 = Release|Any CPU
	EndGlobalSection
	GlobalSection(SolutionProperties) = preSolution
		HideSolutionNode = FALSE
	EndGlobalSection
	GlobalSection(ExtensibilityGlobals) = postSolution
		SolutionGuid = {012F7168-B327-4795-9DE1-EB2B8999EE57}
	EndGlobalSection
EndGlobal
